
Microsoft Visual Studio Solution File, Format Version 12.00
# Visual Studio Version 17
VisualStudioVersion = 17.14.36203.30 d17.14
MinimumVisualStudioVersion = 10.0.40219.1
Project("{888888A0-9F3D-457C-B088-3A5042F75D52}") = "RMGProjectforresume1", "RMGProjectforresume1.pyproj", "{97BCDE68-FEBE-47F1-BE4C-A69192A3EB05}"
EndProject
Global
	GlobalSection(SolutionConfigurationPlatforms) = preSolution
		Debug|Any CPU = Debug|Any CPU
		Release|Any CPU = Release|Any CPU
	EndGlobalSection
	GlobalSection(ProjectConfigurationPlatforms) = postSolution
		{97BCDE68-FEBE-47F1-BE4C-A69192A3EB05}.Debug|Any CPU.ActiveCfg = Debug|Any CPU
		{97BCDE68-FEBE-47F1-BE4C-A69192A3EB05}.Release|Any CPU.ActiveCfg = Release|Any CPU
	EndGlobalSection
	GlobalSection(SolutionProperties) = preSolution
		HideSolutionNode = FALSE
	EndGlobalSection
	GlobalSection(ExtensibilityGlobals) = postSolution
		SolutionGuid = {A6CBE711-3AB8-4689-BB8A-B3A5A06C703F}
	EndGlobalSection
EndGlobal
